
Microsoft Visual Studio Solution File, Format Version 12.00
# Visual Studio Version 16
VisualStudioVersion = 16.0.810.17
MinimumVisualStudioVersion = 10.0.40219.1
Project("{FAE04EC0-301F-11D3-BF4B-00C04F79EFBC}") = "Sapo", "Sapo\Sapo.csproj", "{B507FA84-E2DA-44C6-B153-A1F549580470}"
EndProject
Global
	GlobalSection(SolutionConfigurationPlatforms) = preSolution
		Debug|Any CPU = Debug|Any CPU
		Release|Any CPU = Release|Any CPU
	EndGlobalSection
	GlobalSection(ProjectConfigurationPlatforms) = postSolution
		{B507FA84-E2DA-44C6-B153-A1F549580470}.Debug|Any CPU.ActiveCfg = Debug|Any CPU
		{B507FA84-E2DA-44C6-B153-A1F549580470}.Debug|Any CPU.Build.0 = Debug|Any CPU
		{B507FA84-E2DA-44C6-B153-A1F549580470}.Release|Any CPU.ActiveCfg = Release|Any CPU
		{B507FA84-E2DA-44C6-B153-A1F549580470}.Release|Any CPU.Build.0 = Release|Any CPU
	EndGlobalSection
	GlobalSection(SolutionProperties) = preSolution
		HideSolutionNode = FALSE
	EndGlobalSection
	GlobalSection(ExtensibilityGlobals) = postSolution
		SolutionGuid = {7467D2F8-6F78-4297-A601-086CA6AB0344}
	EndGlobalSection
EndGlobal
